
Microsoft Visual Studio Solution File, Format Version 12.00
# Visual Studio Version 16
VisualStudioVersion = 16.0.31129.286
MinimumVisualStudioVersion = 10.0.40219.1
Project("{FAE04EC0-301F-11D3-BF4B-00C04F79EFBC}") = "CheckerboardApp", "CheckerboardApp\CheckerboardApp.csproj", "{4EB6F225-E063-4C8D-8C59-6BF4A3DC904F}"
EndProject
Global
	GlobalSection(SolutionConfigurationPlatforms) = preSolution
		Debug|Any CPU = Debug|Any CPU
		Release|Any CPU = Release|Any CPU
	EndGlobalSection
	GlobalSection(ProjectConfigurationPlatforms) = postSolution
		{4EB6F225-E063-4C8D-8C59-6BF4A3DC904F}.Debug|Any CPU.ActiveCfg = Debug|Any CPU
		{4EB6F225-E063-4C8D-8C59-6BF4A3DC904F}.Debug|Any CPU.Build.0 = Debug|Any CPU
		{4EB6F225-E063-4C8D-8C59-6BF4A3DC904F}.Release|Any CPU.ActiveCfg = Release|Any CPU
		{4EB6F225-E063-4C8D-8C59-6BF4A3DC904F}.Release|Any CPU.Build.0 = Release|Any CPU
	EndGlobalSection
	GlobalSection(SolutionProperties) = preSolution
		HideSolutionNode = FALSE
	EndGlobalSection
	GlobalSection(ExtensibilityGlobals) = postSolution
		SolutionGuid = {426DA55D-1E8A-41A9-B88D-63027D77FB36}
	EndGlobalSection
EndGlobal
